
Microsoft Visual Studio Solution File, Format Version 12.00
# Visual Studio Version 16
VisualStudioVersion = 16.0.30611.23
MinimumVisualStudioVersion = 10.0.40219.1
Project("{FAE04EC0-301F-11D3-BF4B-00C04F79EFBC}") = "Approximation", "Approximation.csproj", "{81CFC756-BE05-4DD0-8C9D-E515D7DFB7EF}"
EndProject
Project("{FAE04EC0-301F-11D3-BF4B-00C04F79EFBC}") = "Test", "Test\Test.csproj", "{D88B170C-351C-43CD-830C-BF2335C58F11}"
EndProject
Project("{FAE04EC0-301F-11D3-BF4B-00C04F79EFBC}") = "TestMatrix", "TestMatrix\TestMatrix.csproj", "{69DCED39-A3EC-450A-A61B-CEEE697830CC}"
EndProject
Project("{FAE04EC0-301F-11D3-BF4B-00C04F79EFBC}") = "NumericalIntegration", "..\Integration\NumericalIntegration.csproj", "{4C8CA815-4D1D-45D7-900E-D4D35A996FBD}"
EndProject
Project("{FAE04EC0-301F-11D3-BF4B-00C04F79EFBC}") = "SolutionSystemNonlinearEquation", "..\..\..\3 курс 1 семестр\Численные методы\Решение СНУ\SolutionSystemNonlinearEquation\SolutionSystemNonlinearEquation.csproj", "{DF787C7E-9301-462F-8FAF-062CFF1FF497}"
EndProject
Global
	GlobalSection(SolutionConfigurationPlatforms) = preSolution
		Debug|Any CPU = Debug|Any CPU
		Release|Any CPU = Release|Any CPU
	EndGlobalSection
	GlobalSection(ProjectConfigurationPlatforms) = postSolution
		{81CFC756-BE05-4DD0-8C9D-E515D7DFB7EF}.Debug|Any CPU.ActiveCfg = Debug|Any CPU
		{81CFC756-BE05-4DD0-8C9D-E515D7DFB7EF}.Debug|Any CPU.Build.0 = Debug|Any CPU
		{81CFC756-BE05-4DD0-8C9D-E515D7DFB7EF}.Release|Any CPU.ActiveCfg = Release|Any CPU
		{81CFC756-BE05-4DD0-8C9D-E515D7DFB7EF}.Release|Any CPU.Build.0 = Release|Any CPU
		{D88B170C-351C-43CD-830C-BF2335C58F11}.Debug|Any CPU.ActiveCfg = Debug|Any CPU
		{D88B170C-351C-43CD-830C-BF2335C58F11}.Debug|Any CPU.Build.0 = Debug|Any CPU
		{D88B170C-351C-43CD-830C-BF2335C58F11}.Release|Any CPU.ActiveCfg = Release|Any CPU
		{D88B170C-351C-43CD-830C-BF2335C58F11}.Release|Any CPU.Build.0 = Release|Any CPU
		{69DCED39-A3EC-450A-A61B-CEEE697830CC}.Debug|Any CPU.ActiveCfg = Debug|Any CPU
		{69DCED39-A3EC-450A-A61B-CEEE697830CC}.Debug|Any CPU.Build.0 = Debug|Any CPU
		{69DCED39-A3EC-450A-A61B-CEEE697830CC}.Release|Any CPU.ActiveCfg = Release|Any CPU
		{69DCED39-A3EC-450A-A61B-CEEE697830CC}.Release|Any CPU.Build.0 = Release|Any CPU
		{4C8CA815-4D1D-45D7-900E-D4D35A996FBD}.Debug|Any CPU.ActiveCfg = Debug|Any CPU
		{4C8CA815-4D1D-45D7-900E-D4D35A996FBD}.Debug|Any CPU.Build.0 = Debug|Any CPU
		{4C8CA815-4D1D-45D7-900E-D4D35A996FBD}.Release|Any CPU.ActiveCfg = Release|Any CPU
		{4C8CA815-4D1D-45D7-900E-D4D35A996FBD}.Release|Any CPU.Build.0 = Release|Any CPU
		{DF787C7E-9301-462F-8FAF-062CFF1FF497}.Debug|Any CPU.ActiveCfg = Debug|Any CPU
		{DF787C7E-9301-462F-8FAF-062CFF1FF497}.Debug|Any CPU.Build.0 = Debug|Any CPU
		{DF787C7E-9301-462F-8FAF-062CFF1FF497}.Release|Any CPU.ActiveCfg = Release|Any CPU
		{DF787C7E-9301-462F-8FAF-062CFF1FF497}.Release|Any CPU.Build.0 = Release|Any CPU
	EndGlobalSection
	GlobalSection(SolutionProperties) = preSolution
		HideSolutionNode = FALSE
	EndGlobalSection
	GlobalSection(ExtensibilityGlobals) = postSolution
		SolutionGuid = {2E5F6017-D3E9-4668-94C2-432B36B4D1AB}
	EndGlobalSection
EndGlobal
